// !$*UTF8*$!
{
	archiveVersion = 1;
	classes = {
	};
	objectVersion = 46;
	objects = {

/* Begin PBXBuildFile section */
		28097E0015BA810C0027B655 /* tv-icon.png in Resources */ = {isa = PBXBuildFile; fileRef = 28097DFE15BA810C0027B655 /* tv-icon.png */; };
		28097E0115BA810C0027B655 /* tv-icon@2x.png in Resources */ = {isa = PBXBuildFile; fileRef = 28097DFF15BA810C0027B655 /* tv-icon@2x.png */; };
		2811479E159BAE5E003F3195 /* ItemTableViewCell.m in Sources */ = {isa = PBXBuildFile; fileRef = 2811479D159BAE5E003F3195 /* ItemTableViewCell.m */; };
		281147A2159BB9B7003F3195 /* placeholder-image.png in Resources */ = {isa = PBXBuildFile; fileRef = 281147A1159BB9B7003F3195 /* placeholder-image.png */; };
		281147B2159C1C61003F3195 /* ItemDetailViewController.m in Sources */ = {isa = PBXBuildFile; fileRef = 281147B1159C1C60003F3195 /* ItemDetailViewController.m */; };
		2818FA5F159BA1B900CF3E29 /* ItemsTableViewController.m in Sources */ = {isa = PBXBuildFile; fileRef = 2818FA5E159BA1B900CF3E29 /* ItemsTableViewController.m */; };
		28387EA81593FFCB008EC6AF /* UIKit.framework in Frameworks */ = {isa = PBXBuildFile; fileRef = 28387EA71593FFCB008EC6AF /* UIKit.framework */; };
		28387EAA1593FFCB008EC6AF /* Foundation.framework in Frameworks */ = {isa = PBXBuildFile; fileRef = 28387EA91593FFCB008EC6AF /* Foundation.framework */; };
		28387EAC1593FFCB008EC6AF /* CoreGraphics.framework in Frameworks */ = {isa = PBXBuildFile; fileRef = 28387EAB1593FFCB008EC6AF /* CoreGraphics.framework */; };
		28387EB21593FFCB008EC6AF /* InfoPlist.strings in Resources */ = {isa = PBXBuildFile; fileRef = 28387EB01593FFCB008EC6AF /* InfoPlist.strings */; };
		28387EB41593FFCB008EC6AF /* main.m in Sources */ = {isa = PBXBuildFile; fileRef = 28387EB31593FFCB008EC6AF /* main.m */; };
		28387EB81593FFCB008EC6AF /* AppDelegate.m in Sources */ = {isa = PBXBuildFile; fileRef = 28387EB71593FFCB008EC6AF /* AppDelegate.m */; };
		28387EBB1593FFCB008EC6AF /* MainStoryboard_iPhone.storyboard in Resources */ = {isa = PBXBuildFile; fileRef = 28387EB91593FFCB008EC6AF /* MainStoryboard_iPhone.storyboard */; };
		28387EBE1593FFCB008EC6AF /* MainStoryboard_iPad.storyboard in Resources */ = {isa = PBXBuildFile; fileRef = 28387EBC1593FFCB008EC6AF /* MainStoryboard_iPad.storyboard */; };
		28387EC31593FFCB008EC6AF /* first.png in Resources */ = {isa = PBXBuildFile; fileRef = 28387EC21593FFCB008EC6AF /* first.png */; };
		28387EC51593FFCB008EC6AF /* first@2x.png in Resources */ = {isa = PBXBuildFile; fileRef = 28387EC41593FFCB008EC6AF /* first@2x.png */; };
		28387ECA1593FFCB008EC6AF /* second.png in Resources */ = {isa = PBXBuildFile; fileRef = 28387EC91593FFCB008EC6AF /* second.png */; };
		28387ECC1593FFCB008EC6AF /* second@2x.png in Resources */ = {isa = PBXBuildFile; fileRef = 28387ECB1593FFCB008EC6AF /* second@2x.png */; };
		28387ED41593FFCB008EC6AF /* SenTestingKit.framework in Frameworks */ = {isa = PBXBuildFile; fileRef = 28387ED31593FFCB008EC6AF /* SenTestingKit.framework */; };
		28387ED51593FFCC008EC6AF /* UIKit.framework in Frameworks */ = {isa = PBXBuildFile; fileRef = 28387EA71593FFCB008EC6AF /* UIKit.framework */; };
		28387ED61593FFCC008EC6AF /* Foundation.framework in Frameworks */ = {isa = PBXBuildFile; fileRef = 28387EA91593FFCB008EC6AF /* Foundation.framework */; };
		28387EDE1593FFCC008EC6AF /* InfoPlist.strings in Resources */ = {isa = PBXBuildFile; fileRef = 28387EDC1593FFCC008EC6AF /* InfoPlist.strings */; };
		28387EE11593FFCC008EC6AF /* Mustard_SeedTests.m in Sources */ = {isa = PBXBuildFile; fileRef = 28387EE01593FFCC008EC6AF /* Mustard_SeedTests.m */; };
		283E6DD215AAB85C008ED025 /* CommerceViewController.m in Sources */ = {isa = PBXBuildFile; fileRef = 283E6DD115AAB85C008ED025 /* CommerceViewController.m */; };
		284BB34215B7EC7D004AFC47 /* FavoriteItemsGridViewController.m in Sources */ = {isa = PBXBuildFile; fileRef = 284BB34115B7EC7D004AFC47 /* FavoriteItemsGridViewController.m */; };
		284E012215B5E76F00D026AE /* UIImage+Autofit.m in Sources */ = {isa = PBXBuildFile; fileRef = 284E012115B5E76F00D026AE /* UIImage+Autofit.m */; };
		284E012615B5F7D500D026AE /* background.png in Resources */ = {isa = PBXBuildFile; fileRef = 284E012415B5F7D500D026AE /* background.png */; };
		284E012715B5F7D500D026AE /* background@2x.png in Resources */ = {isa = PBXBuildFile; fileRef = 284E012515B5F7D500D026AE /* background@2x.png */; };
		28557FED15A76D1A00F6089F /* QuartzCore.framework in Frameworks */ = {isa = PBXBuildFile; fileRef = 28557FEC15A76D1A00F6089F /* QuartzCore.framework */; };
		28557FF115A76D9F00F6089F /* SearchViewController.m in Sources */ = {isa = PBXBuildFile; fileRef = 28557FF015A76D9F00F6089F /* SearchViewController.m */; };
		286C1D3E15B602A40032E0DA /* heart-icon@2x.png in Resources */ = {isa = PBXBuildFile; fileRef = 286C1D3D15B602A40032E0DA /* heart-icon@2x.png */; };
		286C1D4115B604280032E0DA /* commerce-icon@2x.png in Resources */ = {isa = PBXBuildFile; fileRef = 286C1D4015B604280032E0DA /* commerce-icon@2x.png */; };
		286C1D4315B6055C0032E0DA /* share-icon@2x.png in Resources */ = {isa = PBXBuildFile; fileRef = 286C1D4215B6055C0032E0DA /* share-icon@2x.png */; };
		286C1D4515B606D80032E0DA /* play-button@2x.png in Resources */ = {isa = PBXBuildFile; fileRef = 286C1D4415B606D80032E0DA /* play-button@2x.png */; };
		286C1D4815B60D580032E0DA /* tab-bar.png in Resources */ = {isa = PBXBuildFile; fileRef = 286C1D4615B60D580032E0DA /* tab-bar.png */; };
		286C1D4915B60D580032E0DA /* tab-bar@2x.png in Resources */ = {isa = PBXBuildFile; fileRef = 286C1D4715B60D580032E0DA /* tab-bar@2x.png */; };
		286C1D4E15B613DC0032E0DA /* heart-gray.png in Resources */ = {isa = PBXBuildFile; fileRef = 286C1D4A15B613DC0032E0DA /* heart-gray.png */; };
		286C1D4F15B613DC0032E0DA /* heart-gray@2x.png in Resources */ = {isa = PBXBuildFile; fileRef = 286C1D4B15B613DC0032E0DA /* heart-gray@2x.png */; };
		286C1D5015B613DC0032E0DA /* heart-red.png in Resources */ = {isa = PBXBuildFile; fileRef = 286C1D4C15B613DC0032E0DA /* heart-red.png */; };
		286C1D5115B613DC0032E0DA /* heart-red@2x.png in Resources */ = {isa = PBXBuildFile; fileRef = 286C1D4D15B613DC0032E0DA /* heart-red@2x.png */; };
		286C1D5415B61C0D0032E0DA /* ColorBook.m in Sources */ = {isa = PBXBuildFile; fileRef = 286C1D5315B61C0D0032E0DA /* ColorBook.m */; };
		286C1D5715B63DBA0032E0DA /* person-icon.png in Resources */ = {isa = PBXBuildFile; fileRef = 286C1D5515B63DBA0032E0DA /* person-icon.png */; };
		286C1D5815B63DBA0032E0DA /* person-icon@2x.png in Resources */ = {isa = PBXBuildFile; fileRef = 286C1D5615B63DBA0032E0DA /* person-icon@2x.png */; };
		2870009215983DCE00CEBADB /* AFHTTPClient.m in Sources */ = {isa = PBXBuildFile; fileRef = 2870007E15983DCD00CEBADB /* AFHTTPClient.m */; settings = {COMPILER_FLAGS = "-fno-objc-arc"; }; };
		2870009315983DCE00CEBADB /* AFHTTPRequestOperation.m in Sources */ = {isa = PBXBuildFile; fileRef = 2870008015983DCD00CEBADB /* AFHTTPRequestOperation.m */; settings = {COMPILER_FLAGS = "-fno-objc-arc"; }; };
		2870009415983DCE00CEBADB /* AFImageRequestOperation.m in Sources */ = {isa = PBXBuildFile; fileRef = 2870008215983DCD00CEBADB /* AFImageRequestOperation.m */; settings = {COMPILER_FLAGS = "-fno-objc-arc"; }; };
		2870009515983DCE00CEBADB /* AFJSONRequestOperation.m in Sources */ = {isa = PBXBuildFile; fileRef = 2870008415983DCD00CEBADB /* AFJSONRequestOperation.m */; settings = {COMPILER_FLAGS = "-fno-objc-arc"; }; };
		2870009615983DCE00CEBADB /* AFJSONUtilities.m in Sources */ = {isa = PBXBuildFile; fileRef = 2870008615983DCD00CEBADB /* AFJSONUtilities.m */; settings = {COMPILER_FLAGS = "-fno-objc-arc"; }; };
		2870009715983DCE00CEBADB /* AFNetworkActivityIndicatorManager.m in Sources */ = {isa = PBXBuildFile; fileRef = 2870008815983DCD00CEBADB /* AFNetworkActivityIndicatorManager.m */; settings = {COMPILER_FLAGS = "-fno-objc-arc"; }; };
		2870009815983DCE00CEBADB /* AFPropertyListRequestOperation.m in Sources */ = {isa = PBXBuildFile; fileRef = 2870008B15983DCD00CEBADB /* AFPropertyListRequestOperation.m */; settings = {COMPILER_FLAGS = "-fno-objc-arc"; }; };
		2870009915983DCE00CEBADB /* AFURLConnectionOperation.m in Sources */ = {isa = PBXBuildFile; fileRef = 2870008D15983DCD00CEBADB /* AFURLConnectionOperation.m */; settings = {COMPILER_FLAGS = "-fno-objc-arc"; }; };
		2870009A15983DCE00CEBADB /* AFXMLRequestOperation.m in Sources */ = {isa = PBXBuildFile; fileRef = 2870008F15983DCD00CEBADB /* AFXMLRequestOperation.m */; settings = {COMPILER_FLAGS = "-fno-objc-arc"; }; };
		2870009B15983DCE00CEBADB /* UIImageView+AFNetworking.m in Sources */ = {isa = PBXBuildFile; fileRef = 2870009115983DCD00CEBADB /* UIImageView+AFNetworking.m */; settings = {COMPILER_FLAGS = "-fno-objc-arc"; }; };
		2870FFE81597EBD000CEBADB /* Item.m in Sources */ = {isa = PBXBuildFile; fileRef = 2870FFE71597EBD000CEBADB /* Item.m */; };
		2870FFEB15983D2800CEBADB /* AFMustardSeedAPIClient.m in Sources */ = {isa = PBXBuildFile; fileRef = 2870FFEA15983D2800CEBADB /* AFMustardSeedAPIClient.m */; };
		289D869C15B55053002650D8 /* nav-bar.png in Resources */ = {isa = PBXBuildFile; fileRef = 289D869A15B55053002650D8 /* nav-bar.png */; };
		289D869D15B55053002650D8 /* nav-bar@2x.png in Resources */ = {isa = PBXBuildFile; fileRef = 289D869B15B55053002650D8 /* nav-bar@2x.png */; };
		28BCC4DF15AF881100074612 /* MediaPlayer.framework in Frameworks */ = {isa = PBXBuildFile; fileRef = 28BCC4DE15AF881100074612 /* MediaPlayer.framework */; };
		28BCC4E215AF8EFD00074612 /* video.mp4 in Resources */ = {isa = PBXBuildFile; fileRef = 28BCC4E115AF8EFD00074612 /* video.mp4 */; };
		28BCC4E515AF924100074612 /* FavoriteItemsTableViewController.m in Sources */ = {isa = PBXBuildFile; fileRef = 28BCC4E415AF924100074612 /* FavoriteItemsTableViewController.m */; };
		28BCC4E815AFAAFF00074612 /* AboutViewController.m in Sources */ = {isa = PBXBuildFile; fileRef = 28BCC4E715AFAAFF00074612 /* AboutViewController.m */; };
		28C789A815B745D6005D7AD1 /* libGMGridView.a in Frameworks */ = {isa = PBXBuildFile; fileRef = 28C789A715B745D6005D7AD1 /* libGMGridView.a */; };
		28C789AE15B759AB005D7AD1 /* Demo1ViewController.m in Sources */ = {isa = PBXBuildFile; fileRef = 28C789AD15B759AB005D7AD1 /* Demo1ViewController.m */; };
		28C789B115B759D8005D7AD1 /* ItemGridViewController.m in Sources */ = {isa = PBXBuildFile; fileRef = 28C789B015B759D8005D7AD1 /* ItemGridViewController.m */; };
		28C789DE15B764EC005D7AD1 /* ItemGridView.m in Sources */ = {isa = PBXBuildFile; fileRef = 28C789DD15B764EC005D7AD1 /* ItemGridView.m */; };
		28C789E215B783D3005D7AD1 /* twitter-bg.jpeg in Resources */ = {isa = PBXBuildFile; fileRef = 28C789E115B783D3005D7AD1 /* twitter-bg.jpeg */; };
		28C789E415B78445005D7AD1 /* green-bg.png in Resources */ = {isa = PBXBuildFile; fileRef = 28C789E315B78445005D7AD1 /* green-bg.png */; };
		28CA90A315A818E600E1694E /* MBProgressHUD.m in Sources */ = {isa = PBXBuildFile; fileRef = 28CA90A215A818E600E1694E /* MBProgressHUD.m */; };
		28CB081815B0D3AF00C22350 /* Roboto-Regular.ttf in Resources */ = {isa = PBXBuildFile; fileRef = 28CB081715B0D3AF00C22350 /* Roboto-Regular.ttf */; };
		28CB081B15B0D6DD00C22350 /* Roboto-Regular.ttf in Resources */ = {isa = PBXBuildFile; fileRef = 28CB081715B0D3AF00C22350 /* Roboto-Regular.ttf */; };
		28CB081D15B0D78900C22350 /* Roboto-Bold.ttf in Resources */ = {isa = PBXBuildFile; fileRef = 28CB081C15B0D78900C22350 /* Roboto-Bold.ttf */; };
		28CB081E15B0D79900C22350 /* Roboto-Bold.ttf in Resources */ = {isa = PBXBuildFile; fileRef = 28CB081C15B0D78900C22350 /* Roboto-Bold.ttf */; };
		28CB082115B0D7EE00C22350 /* FontBook.m in Sources */ = {isa = PBXBuildFile; fileRef = 28CB082015B0D7EE00C22350 /* FontBook.m */; };
		28D072AF15BE71B2000F231E /* RequestItemView.m in Sources */ = {isa = PBXBuildFile; fileRef = 28D072AE15BE71B2000F231E /* RequestItemView.m */; };
/* End PBXBuildFile section */

/* Begin PBXContainerItemProxy section */
		28387ED71593FFCC008EC6AF /* PBXContainerItemProxy */ = {
			isa = PBXContainerItemProxy;
			containerPortal = 28387E9A1593FFCA008EC6AF /* Project object */;
			proxyType = 1;
			remoteGlobalIDString = 28387EA21593FFCA008EC6AF;
			remoteInfo = "Mustard Seed";
		};
		28C789D815B76171005D7AD1 /* PBXContainerItemProxy */ = {
			isa = PBXContainerItemProxy;
			containerPortal = 28C789D115B76170005D7AD1 /* GMGridView.xcodeproj */;
			proxyType = 2;
			remoteGlobalIDString = 78509312149FAC2E000787E4;
			remoteInfo = GMGridView;
		};
		28C789DA15B76185005D7AD1 /* PBXContainerItemProxy */ = {
			isa = PBXContainerItemProxy;
			containerPortal = 28C789D115B76170005D7AD1 /* GMGridView.xcodeproj */;
			proxyType = 1;
			remoteGlobalIDString = 78509311149FAC2E000787E4;
			remoteInfo = GMGridView;
		};
/* End PBXContainerItemProxy section */

/* Begin PBXFileReference section */
		28097DFE15BA810C0027B655 /* tv-icon.png */ = {isa = PBXFileReference; lastKnownFileType = image.png; name = "tv-icon.png"; path = "Mustard Seed/Images/tv-icon.png"; sourceTree = "<group>"; };
		28097DFF15BA810C0027B655 /* tv-icon@2x.png */ = {isa = PBXFileReference; lastKnownFileType = image.png; name = "tv-icon@2x.png"; path = "Mustard Seed/Images/tv-icon@2x.png"; sourceTree = "<group>"; };
		2811479C159BAE5E003F3195 /* ItemTableViewCell.h */ = {isa = PBXFileReference; fileEncoding = 4; lastKnownFileType = sourcecode.c.h; name = ItemTableViewCell.h; path = "Mustard Seed/Views/ItemTableViewCell.h"; sourceTree = "<group>"; };
		2811479D159BAE5E003F3195 /* ItemTableViewCell.m */ = {isa = PBXFileReference; fileEncoding = 4; lastKnownFileType = sourcecode.c.objc; name = ItemTableViewCell.m; path = "Mustard Seed/Views/ItemTableViewCell.m"; sourceTree = "<group>"; };
		281147A1159BB9B7003F3195 /* placeholder-image.png */ = {isa = PBXFileReference; lastKnownFileType = image.png; name = "placeholder-image.png"; path = "Mustard Seed/Images/placeholder-image.png"; sourceTree = "<group>"; };
		281147B0159C1C60003F3195 /* ItemDetailViewController.h */ = {isa = PBXFileReference; fileEncoding = 4; lastKnownFileType = sourcecode.c.h; name = ItemDetailViewController.h; path = "Mustard Seed/Controllers/ItemDetailViewController.h"; sourceTree = "<group>"; };
		281147B1159C1C60003F3195 /* ItemDetailViewController.m */ = {isa = PBXFileReference; fileEncoding = 4; lastKnownFileType = sourcecode.c.objc; name = ItemDetailViewController.m; path = "Mustard Seed/Controllers/ItemDetailViewController.m"; sourceTree = "<group>"; };
		2818FA5D159BA1B900CF3E29 /* ItemsTableViewController.h */ = {isa = PBXFileReference; fileEncoding = 4; lastKnownFileType = sourcecode.c.h; name = ItemsTableViewController.h; path = "Mustard Seed/Controllers/ItemsTableViewController.h"; sourceTree = "<group>"; };
		2818FA5E159BA1B900CF3E29 /* ItemsTableViewController.m */ = {isa = PBXFileReference; fileEncoding = 4; lastKnownFileType = sourcecode.c.objc; name = ItemsTableViewController.m; path = "Mustard Seed/Controllers/ItemsTableViewController.m"; sourceTree = "<group>"; };
		28387EA31593FFCB008EC6AF /* Mustard Seed.app */ = {isa = PBXFileReference; explicitFileType = wrapper.application; includeInIndex = 0; path = "Mustard Seed.app"; sourceTree = BUILT_PRODUCTS_DIR; };
		28387EA71593FFCB008EC6AF /* UIKit.framework */ = {isa = PBXFileReference; lastKnownFileType = wrapper.framework; name = UIKit.framework; path = System/Library/Frameworks/UIKit.framework; sourceTree = SDKROOT; };
		28387EA91593FFCB008EC6AF /* Foundation.framework */ = {isa = PBXFileReference; lastKnownFileType = wrapper.framework; name = Foundation.framework; path = System/Library/Frameworks/Foundation.framework; sourceTree = SDKROOT; };
		28387EAB1593FFCB008EC6AF /* CoreGraphics.framework */ = {isa = PBXFileReference; lastKnownFileType = wrapper.framework; name = CoreGraphics.framework; path = System/Library/Frameworks/CoreGraphics.framework; sourceTree = SDKROOT; };
		28387EAF1593FFCB008EC6AF /* Mustard Seed-Info.plist */ = {isa = PBXFileReference; lastKnownFileType = text.plist.xml; path = "Mustard Seed-Info.plist"; sourceTree = "<group>"; };
		28387EB11593FFCB008EC6AF /* en */ = {isa = PBXFileReference; lastKnownFileType = text.plist.strings; name = en; path = en.lproj/InfoPlist.strings; sourceTree = "<group>"; };
		28387EB31593FFCB008EC6AF /* main.m */ = {isa = PBXFileReference; lastKnownFileType = sourcecode.c.objc; path = main.m; sourceTree = "<group>"; };
		28387EB51593FFCB008EC6AF /* Mustard Seed-Prefix.pch */ = {isa = PBXFileReference; lastKnownFileType = sourcecode.c.h; path = "Mustard Seed-Prefix.pch"; sourceTree = "<group>"; };
		28387EB61593FFCB008EC6AF /* AppDelegate.h */ = {isa = PBXFileReference; lastKnownFileType = sourcecode.c.h; path = AppDelegate.h; sourceTree = "<group>"; };
		28387EB71593FFCB008EC6AF /* AppDelegate.m */ = {isa = PBXFileReference; lastKnownFileType = sourcecode.c.objc; path = AppDelegate.m; sourceTree = "<group>"; };
		28387EBA1593FFCB008EC6AF /* en */ = {isa = PBXFileReference; lastKnownFileType = file.storyboard; name = en; path = en.lproj/MainStoryboard_iPhone.storyboard; sourceTree = "<group>"; };
		28387EBD1593FFCB008EC6AF /* en */ = {isa = PBXFileReference; lastKnownFileType = file.storyboard; name = en; path = en.lproj/MainStoryboard_iPad.storyboard; sourceTree = "<group>"; };
		28387EC21593FFCB008EC6AF /* first.png */ = {isa = PBXFileReference; lastKnownFileType = image.png; name = first.png; path = "Mustard Seed/first.png"; sourceTree = "<group>"; };
		28387EC41593FFCB008EC6AF /* first@2x.png */ = {isa = PBXFileReference; lastKnownFileType = image.png; name = "first@2x.png"; path = "Mustard Seed/first@2x.png"; sourceTree = "<group>"; };
		28387EC91593FFCB008EC6AF /* second.png */ = {isa = PBXFileReference; lastKnownFileType = image.png; name = second.png; path = "Mustard Seed/second.png"; sourceTree = "<group>"; };
		28387ECB1593FFCB008EC6AF /* second@2x.png */ = {isa = PBXFileReference; lastKnownFileType = image.png; name = "second@2x.png"; path = "Mustard Seed/second@2x.png"; sourceTree = "<group>"; };
		28387ED21593FFCB008EC6AF /* Mustard SeedTests.octest */ = {isa = PBXFileReference; explicitFileType = wrapper.cfbundle; includeInIndex = 0; path = "Mustard SeedTests.octest"; sourceTree = BUILT_PRODUCTS_DIR; };
		28387ED31593FFCB008EC6AF /* SenTestingKit.framework */ = {isa = PBXFileReference; lastKnownFileType = wrapper.framework; name = SenTestingKit.framework; path = Library/Frameworks/SenTestingKit.framework; sourceTree = DEVELOPER_DIR; };
		28387EDB1593FFCC008EC6AF /* Mustard SeedTests-Info.plist */ = {isa = PBXFileReference; lastKnownFileType = text.plist.xml; path = "Mustard SeedTests-Info.plist"; sourceTree = "<group>"; };
		28387EDD1593FFCC008EC6AF /* en */ = {isa = PBXFileReference; lastKnownFileType = text.plist.strings; name = en; path = en.lproj/InfoPlist.strings; sourceTree = "<group>"; };
		28387EDF1593FFCC008EC6AF /* Mustard_SeedTests.h */ = {isa = PBXFileReference; lastKnownFileType = sourcecode.c.h; path = Mustard_SeedTests.h; sourceTree = "<group>"; };
		28387EE01593FFCC008EC6AF /* Mustard_SeedTests.m */ = {isa = PBXFileReference; lastKnownFileType = sourcecode.c.objc; path = Mustard_SeedTests.m; sourceTree = "<group>"; };
		283E6DD015AAB85C008ED025 /* CommerceViewController.h */ = {isa = PBXFileReference; fileEncoding = 4; lastKnownFileType = sourcecode.c.h; name = CommerceViewController.h; path = "Mustard Seed/Controllers/CommerceViewController.h"; sourceTree = "<group>"; };
		283E6DD115AAB85C008ED025 /* CommerceViewController.m */ = {isa = PBXFileReference; fileEncoding = 4; lastKnownFileType = sourcecode.c.objc; name = CommerceViewController.m; path = "Mustard Seed/Controllers/CommerceViewController.m"; sourceTree = "<group>"; };
		284BB34015B7EC7D004AFC47 /* FavoriteItemsGridViewController.h */ = {isa = PBXFileReference; fileEncoding = 4; lastKnownFileType = sourcecode.c.h; name = FavoriteItemsGridViewController.h; path = "Mustard Seed/Controllers/FavoriteItemsGridViewController.h"; sourceTree = "<group>"; };
		284BB34115B7EC7D004AFC47 /* FavoriteItemsGridViewController.m */ = {isa = PBXFileReference; fileEncoding = 4; lastKnownFileType = sourcecode.c.objc; name = FavoriteItemsGridViewController.m; path = "Mustard Seed/Controllers/FavoriteItemsGridViewController.m"; sourceTree = "<group>"; };
		284E012015B5E76F00D026AE /* UIImage+Autofit.h */ = {isa = PBXFileReference; fileEncoding = 4; lastKnownFileType = sourcecode.c.h; name = "UIImage+Autofit.h"; path = "Supporting Files/UIImage+Autofit.h"; sourceTree = "<group>"; };
		284E012115B5E76F00D026AE /* UIImage+Autofit.m */ = {isa = PBXFileReference; fileEncoding = 4; lastKnownFileType = sourcecode.c.objc; name = "UIImage+Autofit.m"; path = "Supporting Files/UIImage+Autofit.m"; sourceTree = "<group>"; };
		284E012415B5F7D500D026AE /* background.png */ = {isa = PBXFileReference; lastKnownFileType = image.png; name = background.png; path = "Mustard Seed/Images/background.png"; sourceTree = "<group>"; };
		284E012515B5F7D500D026AE /* background@2x.png */ = {isa = PBXFileReference; lastKnownFileType = image.png; name = "background@2x.png"; path = "Mustard Seed/Images/background@2x.png"; sourceTree = "<group>"; };
		28557FEC15A76D1A00F6089F /* QuartzCore.framework */ = {isa = PBXFileReference; lastKnownFileType = wrapper.framework; name = QuartzCore.framework; path = System/Library/Frameworks/QuartzCore.framework; sourceTree = SDKROOT; };
		28557FEF15A76D9F00F6089F /* SearchViewController.h */ = {isa = PBXFileReference; fileEncoding = 4; lastKnownFileType = sourcecode.c.h; name = SearchViewController.h; path = "Mustard Seed/Controllers/SearchViewController.h"; sourceTree = "<group>"; };
		28557FF015A76D9F00F6089F /* SearchViewController.m */ = {isa = PBXFileReference; fileEncoding = 4; lastKnownFileType = sourcecode.c.objc; name = SearchViewController.m; path = "Mustard Seed/Controllers/SearchViewController.m"; sourceTree = "<group>"; };
		286C1D3D15B602A40032E0DA /* heart-icon@2x.png */ = {isa = PBXFileReference; lastKnownFileType = image.png; name = "heart-icon@2x.png"; path = "Mustard Seed/Images/heart-icon@2x.png"; sourceTree = "<group>"; };
		286C1D4015B604280032E0DA /* commerce-icon@2x.png */ = {isa = PBXFileReference; lastKnownFileType = image.png; name = "commerce-icon@2x.png"; path = "Mustard Seed/Images/commerce-icon@2x.png"; sourceTree = "<group>"; };
		286C1D4215B6055C0032E0DA /* share-icon@2x.png */ = {isa = PBXFileReference; lastKnownFileType = image.png; name = "share-icon@2x.png"; path = "Mustard Seed/Images/share-icon@2x.png"; sourceTree = "<group>"; };
		286C1D4415B606D80032E0DA /* play-button@2x.png */ = {isa = PBXFileReference; lastKnownFileType = image.png; name = "play-button@2x.png"; path = "Mustard Seed/Images/play-button@2x.png"; sourceTree = "<group>"; };
		286C1D4615B60D580032E0DA /* tab-bar.png */ = {isa = PBXFileReference; lastKnownFileType = image.png; name = "tab-bar.png"; path = "Mustard Seed/Images/tab-bar.png"; sourceTree = "<group>"; };
		286C1D4715B60D580032E0DA /* tab-bar@2x.png */ = {isa = PBXFileReference; lastKnownFileType = image.png; name = "tab-bar@2x.png"; path = "Mustard Seed/Images/tab-bar@2x.png"; sourceTree = "<group>"; };
		286C1D4A15B613DC0032E0DA /* heart-gray.png */ = {isa = PBXFileReference; lastKnownFileType = image.png; name = "heart-gray.png"; path = "Mustard Seed/Images/heart-gray.png"; sourceTree = "<group>"; };
		286C1D4B15B613DC0032E0DA /* heart-gray@2x.png */ = {isa = PBXFileReference; lastKnownFileType = image.png; name = "heart-gray@2x.png"; path = "Mustard Seed/Images/heart-gray@2x.png"; sourceTree = "<group>"; };
		286C1D4C15B613DC0032E0DA /* heart-red.png */ = {isa = PBXFileReference; lastKnownFileType = image.png; name = "heart-red.png"; path = "Mustard Seed/Images/heart-red.png"; sourceTree = "<group>"; };
		286C1D4D15B613DC0032E0DA /* heart-red@2x.png */ = {isa = PBXFileReference; lastKnownFileType = image.png; name = "heart-red@2x.png"; path = "Mustard Seed/Images/heart-red@2x.png"; sourceTree = "<group>"; };
		286C1D5215B61C0D0032E0DA /* ColorBook.h */ = {isa = PBXFileReference; fileEncoding = 4; lastKnownFileType = sourcecode.c.h; name = ColorBook.h; path = "Supporting Files/ColorBook.h"; sourceTree = "<group>"; };
		286C1D5315B61C0D0032E0DA /* ColorBook.m */ = {isa = PBXFileReference; fileEncoding = 4; lastKnownFileType = sourcecode.c.objc; name = ColorBook.m; path = "Supporting Files/ColorBook.m"; sourceTree = "<group>"; };
		286C1D5515B63DBA0032E0DA /* person-icon.png */ = {isa = PBXFileReference; lastKnownFileType = image.png; name = "person-icon.png"; path = "Mustard Seed/Images/person-icon.png"; sourceTree = "<group>"; };
		286C1D5615B63DBA0032E0DA /* person-icon@2x.png */ = {isa = PBXFileReference; lastKnownFileType = image.png; name = "person-icon@2x.png"; path = "Mustard Seed/Images/person-icon@2x.png"; sourceTree = "<group>"; };
		2870007D15983DCD00CEBADB /* AFHTTPClient.h */ = {isa = PBXFileReference; fileEncoding = 4; lastKnownFileType = sourcecode.c.h; path = AFHTTPClient.h; sourceTree = "<group>"; };
		2870007E15983DCD00CEBADB /* AFHTTPClient.m */ = {isa = PBXFileReference; fileEncoding = 4; lastKnownFileType = sourcecode.c.objc; path = AFHTTPClient.m; sourceTree = "<group>"; };
		2870007F15983DCD00CEBADB /* AFHTTPRequestOperation.h */ = {isa = PBXFileReference; fileEncoding = 4; lastKnownFileType = sourcecode.c.h; path = AFHTTPRequestOperation.h; sourceTree = "<group>"; };
		2870008015983DCD00CEBADB /* AFHTTPRequestOperation.m */ = {isa = PBXFileReference; fileEncoding = 4; lastKnownFileType = sourcecode.c.objc; path = AFHTTPRequestOperation.m; sourceTree = "<group>"; };
		2870008115983DCD00CEBADB /* AFImageRequestOperation.h */ = {isa = PBXFileReference; fileEncoding = 4; lastKnownFileType = sourcecode.c.h; path = AFImageRequestOperation.h; sourceTree = "<group>"; };
		2870008215983DCD00CEBADB /* AFImageRequestOperation.m */ = {isa = PBXFileReference; fileEncoding = 4; lastKnownFileType = sourcecode.c.objc; path = AFImageRequestOperation.m; sourceTree = "<group>"; };
		2870008315983DCD00CEBADB /* AFJSONRequestOperation.h */ = {isa = PBXFileReference; fileEncoding = 4; lastKnownFileType = sourcecode.c.h; path = AFJSONRequestOperation.h; sourceTree = "<group>"; };
		2870008415983DCD00CEBADB /* AFJSONRequestOperation.m */ = {isa = PBXFileReference; fileEncoding = 4; lastKnownFileType = sourcecode.c.objc; path = AFJSONRequestOperation.m; sourceTree = "<group>"; };
		2870008515983DCD00CEBADB /* AFJSONUtilities.h */ = {isa = PBXFileReference; fileEncoding = 4; lastKnownFileType = sourcecode.c.h; path = AFJSONUtilities.h; sourceTree = "<group>"; };
		2870008615983DCD00CEBADB /* AFJSONUtilities.m */ = {isa = PBXFileReference; fileEncoding = 4; lastKnownFileType = sourcecode.c.objc; path = AFJSONUtilities.m; sourceTree = "<group>"; };
		2870008715983DCD00CEBADB /* AFNetworkActivityIndicatorManager.h */ = {isa = PBXFileReference; fileEncoding = 4; lastKnownFileType = sourcecode.c.h; path = AFNetworkActivityIndicatorManager.h; sourceTree = "<group>"; };
		2870008815983DCD00CEBADB /* AFNetworkActivityIndicatorManager.m */ = {isa = PBXFileReference; fileEncoding = 4; lastKnownFileType = sourcecode.c.objc; path = AFNetworkActivityIndicatorManager.m; sourceTree = "<group>"; };
		2870008915983DCD00CEBADB /* AFNetworking.h */ = {isa = PBXFileReference; fileEncoding = 4; lastKnownFileType = sourcecode.c.h; path = AFNetworking.h; sourceTree = "<group>"; };
		2870008A15983DCD00CEBADB /* AFPropertyListRequestOperation.h */ = {isa = PBXFileReference; fileEncoding = 4; lastKnownFileType = sourcecode.c.h; path = AFPropertyListRequestOperation.h; sourceTree = "<group>"; };
		2870008B15983DCD00CEBADB /* AFPropertyListRequestOperation.m */ = {isa = PBXFileReference; fileEncoding = 4; lastKnownFileType = sourcecode.c.objc; path = AFPropertyListRequestOperation.m; sourceTree = "<group>"; };
		2870008C15983DCD00CEBADB /* AFURLConnectionOperation.h */ = {isa = PBXFileReference; fileEncoding = 4; lastKnownFileType = sourcecode.c.h; path = AFURLConnectionOperation.h; sourceTree = "<group>"; };
		2870008D15983DCD00CEBADB /* AFURLConnectionOperation.m */ = {isa = PBXFileReference; fileEncoding = 4; lastKnownFileType = sourcecode.c.objc; path = AFURLConnectionOperation.m; sourceTree = "<group>"; };
		2870008E15983DCD00CEBADB /* AFXMLRequestOperation.h */ = {isa = PBXFileReference; fileEncoding = 4; lastKnownFileType = sourcecode.c.h; path = AFXMLRequestOperation.h; sourceTree = "<group>"; };
		2870008F15983DCD00CEBADB /* AFXMLRequestOperation.m */ = {isa = PBXFileReference; fileEncoding = 4; lastKnownFileType = sourcecode.c.objc; path = AFXMLRequestOperation.m; sourceTree = "<group>"; };
		2870009015983DCD00CEBADB /* UIImageView+AFNetworking.h */ = {isa = PBXFileReference; fileEncoding = 4; lastKnownFileType = sourcecode.c.h; path = "UIImageView+AFNetworking.h"; sourceTree = "<group>"; };
		2870009115983DCD00CEBADB /* UIImageView+AFNetworking.m */ = {isa = PBXFileReference; fileEncoding = 4; lastKnownFileType = sourcecode.c.objc; path = "UIImageView+AFNetworking.m"; sourceTree = "<group>"; };
		2870FFE61597EBD000CEBADB /* Item.h */ = {isa = PBXFileReference; fileEncoding = 4; lastKnownFileType = sourcecode.c.h; name = Item.h; path = "Mustard Seed/Models/Item.h"; sourceTree = "<group>"; };
		2870FFE71597EBD000CEBADB /* Item.m */ = {isa = PBXFileReference; fileEncoding = 4; lastKnownFileType = sourcecode.c.objc; name = Item.m; path = "Mustard Seed/Models/Item.m"; sourceTree = "<group>"; };
		2870FFE915983D2800CEBADB /* AFMustardSeedAPIClient.h */ = {isa = PBXFileReference; fileEncoding = 4; lastKnownFileType = sourcecode.c.h; name = AFMustardSeedAPIClient.h; path = API/AFMustardSeedAPIClient.h; sourceTree = "<group>"; };
		2870FFEA15983D2800CEBADB /* AFMustardSeedAPIClient.m */ = {isa = PBXFileReference; fileEncoding = 4; lastKnownFileType = sourcecode.c.objc; name = AFMustardSeedAPIClient.m; path = API/AFMustardSeedAPIClient.m; sourceTree = "<group>"; };
		289D869A15B55053002650D8 /* nav-bar.png */ = {isa = PBXFileReference; lastKnownFileType = image.png; name = "nav-bar.png"; path = "Mustard Seed/Images/nav-bar.png"; sourceTree = "<group>"; };
		289D869B15B55053002650D8 /* nav-bar@2x.png */ = {isa = PBXFileReference; lastKnownFileType = image.png; name = "nav-bar@2x.png"; path = "Mustard Seed/Images/nav-bar@2x.png"; sourceTree = "<group>"; };
		28BCC4DE15AF881100074612 /* MediaPlayer.framework */ = {isa = PBXFileReference; lastKnownFileType = wrapper.framework; name = MediaPlayer.framework; path = System/Library/Frameworks/MediaPlayer.framework; sourceTree = SDKROOT; };
		28BCC4E115AF8EFD00074612 /* video.mp4 */ = {isa = PBXFileReference; lastKnownFileType = file; name = video.mp4; path = "Mustard Seed/video.mp4"; sourceTree = "<group>"; };
		28BCC4E315AF924100074612 /* FavoriteItemsTableViewController.h */ = {isa = PBXFileReference; fileEncoding = 4; lastKnownFileType = sourcecode.c.h; name = FavoriteItemsTableViewController.h; path = "Mustard Seed/Controllers/FavoriteItemsTableViewController.h"; sourceTree = "<group>"; };
		28BCC4E415AF924100074612 /* FavoriteItemsTableViewController.m */ = {isa = PBXFileReference; fileEncoding = 4; lastKnownFileType = sourcecode.c.objc; name = FavoriteItemsTableViewController.m; path = "Mustard Seed/Controllers/FavoriteItemsTableViewController.m"; sourceTree = "<group>"; };
		28BCC4E615AFAAFF00074612 /* AboutViewController.h */ = {isa = PBXFileReference; fileEncoding = 4; lastKnownFileType = sourcecode.c.h; name = AboutViewController.h; path = "Mustard Seed/Controllers/AboutViewController.h"; sourceTree = "<group>"; };
		28BCC4E715AFAAFF00074612 /* AboutViewController.m */ = {isa = PBXFileReference; fileEncoding = 4; lastKnownFileType = sourcecode.c.objc; name = AboutViewController.m; path = "Mustard Seed/Controllers/AboutViewController.m"; sourceTree = "<group>"; };
		28C789A715B745D6005D7AD1 /* libGMGridView.a */ = {isa = PBXFileReference; lastKnownFileType = archive.ar; name = libGMGridView.a; path = "../../../Library/Developer/Xcode/DerivedData/Mustard_Seed-cagxtuxzhvpizpculqodzljcluob/Build/Products/Debug-iphoneos/libGMGridView.a"; sourceTree = "<group>"; };
		28C789AC15B759AB005D7AD1 /* Demo1ViewController.h */ = {isa = PBXFileReference; fileEncoding = 4; lastKnownFileType = sourcecode.c.h; name = Demo1ViewController.h; path = ../../ios/GMGridView/Example/Demo1ViewController.h; sourceTree = "<group>"; };
		28C789AD15B759AB005D7AD1 /* Demo1ViewController.m */ = {isa = PBXFileReference; fileEncoding = 4; lastKnownFileType = sourcecode.c.objc; name = Demo1ViewController.m; path = ../../ios/GMGridView/Example/Demo1ViewController.m; sourceTree = "<group>"; };
		28C789AF15B759D8005D7AD1 /* ItemGridViewController.h */ = {isa = PBXFileReference; fileEncoding = 4; lastKnownFileType = sourcecode.c.h; name = ItemGridViewController.h; path = "Mustard Seed/Controllers/ItemGridViewController.h"; sourceTree = "<group>"; };
		28C789B015B759D8005D7AD1 /* ItemGridViewController.m */ = {isa = PBXFileReference; fileEncoding = 4; lastKnownFileType = sourcecode.c.objc; name = ItemGridViewController.m; path = "Mustard Seed/Controllers/ItemGridViewController.m"; sourceTree = "<group>"; };
		28C789D115B76170005D7AD1 /* GMGridView.xcodeproj */ = {isa = PBXFileReference; lastKnownFileType = "wrapper.pb-project"; name = GMGridView.xcodeproj; path = GMGridView/GMGridView.xcodeproj; sourceTree = "<group>"; };
		28C789DC15B764EC005D7AD1 /* ItemGridView.h */ = {isa = PBXFileReference; fileEncoding = 4; lastKnownFileType = sourcecode.c.h; name = ItemGridView.h; path = "Mustard Seed/Views/ItemGridView.h"; sourceTree = "<group>"; };
		28C789DD15B764EC005D7AD1 /* ItemGridView.m */ = {isa = PBXFileReference; fileEncoding = 4; lastKnownFileType = sourcecode.c.objc; name = ItemGridView.m; path = "Mustard Seed/Views/ItemGridView.m"; sourceTree = "<group>"; };
		28C789E115B783D3005D7AD1 /* twitter-bg.jpeg */ = {isa = PBXFileReference; lastKnownFileType = image.jpeg; name = "twitter-bg.jpeg"; path = "Mustard Seed/Images/twitter-bg.jpeg"; sourceTree = "<group>"; };
		28C789E315B78445005D7AD1 /* green-bg.png */ = {isa = PBXFileReference; lastKnownFileType = image.png; name = "green-bg.png"; path = "Mustard Seed/Images/green-bg.png"; sourceTree = "<group>"; };
		28CA90A115A818E600E1694E /* MBProgressHUD.h */ = {isa = PBXFileReference; fileEncoding = 4; lastKnownFileType = sourcecode.c.h; name = MBProgressHUD.h; path = ../../../ios/AFNetworking/Example/Classes/MBProgressHUD.h; sourceTree = "<group>"; };
		28CA90A215A818E600E1694E /* MBProgressHUD.m */ = {isa = PBXFileReference; fileEncoding = 4; lastKnownFileType = sourcecode.c.objc; name = MBProgressHUD.m; path = ../../../ios/AFNetworking/Example/Classes/MBProgressHUD.m; sourceTree = "<group>"; };
		28CB081715B0D3AF00C22350 /* Roboto-Regular.ttf */ = {isa = PBXFileReference; lastKnownFileType = file; path = "Roboto-Regular.ttf"; sourceTree = "<group>"; };
		28CB081C15B0D78900C22350 /* Roboto-Bold.ttf */ = {isa = PBXFileReference; lastKnownFileType = file; path = "Roboto-Bold.ttf"; sourceTree = "<group>"; };
		28CB081F15B0D7EE00C22350 /* FontBook.h */ = {isa = PBXFileReference; fileEncoding = 4; lastKnownFileType = sourcecode.c.h; name = FontBook.h; path = "Supporting Files/FontBook.h"; sourceTree = "<group>"; };
		28CB082015B0D7EE00C22350 /* FontBook.m */ = {isa = PBXFileReference; fileEncoding = 4; lastKnownFileType = sourcecode.c.objc; name = FontBook.m; path = "Supporting Files/FontBook.m"; sourceTree = "<group>"; };
		28D072AC15BE5F41000F231E /* Constants.h */ = {isa = PBXFileReference; lastKnownFileType = sourcecode.c.h; path = Constants.h; sourceTree = "<group>"; };
		28D072AD15BE71B2000F231E /* RequestItemView.h */ = {isa = PBXFileReference; fileEncoding = 4; lastKnownFileType = sourcecode.c.h; name = RequestItemView.h; path = "Mustard Seed/Views/RequestItemView.h"; sourceTree = "<group>"; };
		28D072AE15BE71B2000F231E /* RequestItemView.m */ = {isa = PBXFileReference; fileEncoding = 4; lastKnownFileType = sourcecode.c.objc; name = RequestItemView.m; path = "Mustard Seed/Views/RequestItemView.m"; sourceTree = "<group>"; };
/* End PBXFileReference section */

/* Begin PBXFrameworksBuildPhase section */
		28387EA01593FFCA008EC6AF /* Frameworks */ = {
			isa = PBXFrameworksBuildPhase;
			buildActionMask = 2147483647;
			files = (
				28C789A815B745D6005D7AD1 /* libGMGridView.a in Frameworks */,
				28BCC4DF15AF881100074612 /* MediaPlayer.framework in Frameworks */,
				28557FED15A76D1A00F6089F /* QuartzCore.framework in Frameworks */,
				28387EA81593FFCB008EC6AF /* UIKit.framework in Frameworks */,
				28387EAA1593FFCB008EC6AF /* Foundation.framework in Frameworks */,
				28387EAC1593FFCB008EC6AF /* CoreGraphics.framework in Frameworks */,
			);
			runOnlyForDeploymentPostprocessing = 0;
		};
		28387ECE1593FFCB008EC6AF /* Frameworks */ = {
			isa = PBXFrameworksBuildPhase;
			buildActionMask = 2147483647;
			files = (
				28387ED41593FFCB008EC6AF /* SenTestingKit.framework in Frameworks */,
				28387ED51593FFCC008EC6AF /* UIKit.framework in Frameworks */,
				28387ED61593FFCC008EC6AF /* Foundation.framework in Frameworks */,
			);
			runOnlyForDeploymentPostprocessing = 0;
		};
/* End PBXFrameworksBuildPhase section */

/* Begin PBXGroup section */
		2810EA0515945BAB00066B91 /* Models */ = {
			isa = PBXGroup;
			children = (
				2870FFE61597EBD000CEBADB /* Item.h */,
				2870FFE71597EBD000CEBADB /* Item.m */,
			);
			name = Models;
			path = ..;
			sourceTree = "<group>";
		};
		2810EA0615945BB100066B91 /* Views */ = {
			isa = PBXGroup;
			children = (
				2811479C159BAE5E003F3195 /* ItemTableViewCell.h */,
				2811479D159BAE5E003F3195 /* ItemTableViewCell.m */,
				28C789DC15B764EC005D7AD1 /* ItemGridView.h */,
				28C789DD15B764EC005D7AD1 /* ItemGridView.m */,
				28D072AD15BE71B2000F231E /* RequestItemView.h */,
				28D072AE15BE71B2000F231E /* RequestItemView.m */,
			);
			name = Views;
			path = ..;
			sourceTree = "<group>";
		};
		2810EA0715945BB700066B91 /* Controllers */ = {
			isa = PBXGroup;
			children = (
				283E6DD015AAB85C008ED025 /* CommerceViewController.h */,
				283E6DD115AAB85C008ED025 /* CommerceViewController.m */,
				2818FA5D159BA1B900CF3E29 /* ItemsTableViewController.h */,
				2818FA5E159BA1B900CF3E29 /* ItemsTableViewController.m */,
				281147B0159C1C60003F3195 /* ItemDetailViewController.h */,
				281147B1159C1C60003F3195 /* ItemDetailViewController.m */,
				28557FEF15A76D9F00F6089F /* SearchViewController.h */,
				28557FF015A76D9F00F6089F /* SearchViewController.m */,
				28BCC4E315AF924100074612 /* FavoriteItemsTableViewController.h */,
				28BCC4E415AF924100074612 /* FavoriteItemsTableViewController.m */,
				28BCC4E615AFAAFF00074612 /* AboutViewController.h */,
				28BCC4E715AFAAFF00074612 /* AboutViewController.m */,
				28C789AF15B759D8005D7AD1 /* ItemGridViewController.h */,
				28C789B015B759D8005D7AD1 /* ItemGridViewController.m */,
				284BB34015B7EC7D004AFC47 /* FavoriteItemsGridViewController.h */,
				284BB34115B7EC7D004AFC47 /* FavoriteItemsGridViewController.m */,
			);
			name = Controllers;
			path = ..;
			sourceTree = "<group>";
		};
		2810EA0915945C0D00066B91 /* Images */ = {
			isa = PBXGroup;
			children = (
				28097DFE15BA810C0027B655 /* tv-icon.png */,
				28097DFF15BA810C0027B655 /* tv-icon@2x.png */,
				28C789E315B78445005D7AD1 /* green-bg.png */,
				28C789E115B783D3005D7AD1 /* twitter-bg.jpeg */,
				286C1D5515B63DBA0032E0DA /* person-icon.png */,
				286C1D5615B63DBA0032E0DA /* person-icon@2x.png */,
				286C1D4A15B613DC0032E0DA /* heart-gray.png */,
				286C1D4B15B613DC0032E0DA /* heart-gray@2x.png */,
				286C1D4C15B613DC0032E0DA /* heart-red.png */,
				286C1D4D15B613DC0032E0DA /* heart-red@2x.png */,
				286C1D4615B60D580032E0DA /* tab-bar.png */,
				286C1D4715B60D580032E0DA /* tab-bar@2x.png */,
				286C1D4415B606D80032E0DA /* play-button@2x.png */,
				286C1D4215B6055C0032E0DA /* share-icon@2x.png */,
				286C1D4015B604280032E0DA /* commerce-icon@2x.png */,
				286C1D3D15B602A40032E0DA /* heart-icon@2x.png */,
				284E012415B5F7D500D026AE /* background.png */,
				284E012515B5F7D500D026AE /* background@2x.png */,
				289D869A15B55053002650D8 /* nav-bar.png */,
				289D869B15B55053002650D8 /* nav-bar@2x.png */,
				281147A1159BB9B7003F3195 /* placeholder-image.png */,
				28387EC21593FFCB008EC6AF /* first.png */,
				28387EC41593FFCB008EC6AF /* first@2x.png */,
				28387EC91593FFCB008EC6AF /* second.png */,
				28387ECB1593FFCB008EC6AF /* second@2x.png */,
			);
			name = Images;
			sourceTree = "<group>";
		};
		28387E981593FFCA008EC6AF = {
			isa = PBXGroup;
			children = (
				28C789D115B76170005D7AD1 /* GMGridView.xcodeproj */,
				2870007C15983DCD00CEBADB /* AFNetworking */,
				28C789A715B745D6005D7AD1 /* libGMGridView.a */,
				28C789AC15B759AB005D7AD1 /* Demo1ViewController.h */,
				28C789AD15B759AB005D7AD1 /* Demo1ViewController.m */,
				28BCC4E115AF8EFD00074612 /* video.mp4 */,
				28387EB91593FFCB008EC6AF /* MainStoryboard_iPhone.storyboard */,
				28387EBC1593FFCB008EC6AF /* MainStoryboard_iPad.storyboard */,
				28387EAD1593FFCB008EC6AF /* Mustard Seed */,
				28CB081A15B0D3B400C22350 /* Fonts */,
				2810EA0915945C0D00066B91 /* Images */,
				28387EA61593FFCB008EC6AF /* Frameworks */,
				28387ED91593FFCC008EC6AF /* Mustard SeedTests */,
				28387EA41593FFCB008EC6AF /* Products */,
			);
			sourceTree = "<group>";
		};
		28387EA41593FFCB008EC6AF /* Products */ = {
			isa = PBXGroup;
			children = (
				28387EA31593FFCB008EC6AF /* Mustard Seed.app */,
				28387ED21593FFCB008EC6AF /* Mustard SeedTests.octest */,
			);
			name = Products;
			sourceTree = "<group>";
		};
		28387EA61593FFCB008EC6AF /* Frameworks */ = {
			isa = PBXGroup;
			children = (
				28BCC4DE15AF881100074612 /* MediaPlayer.framework */,
				28557FEC15A76D1A00F6089F /* QuartzCore.framework */,
				28387EA71593FFCB008EC6AF /* UIKit.framework */,
				28387EA91593FFCB008EC6AF /* Foundation.framework */,
				28387EAB1593FFCB008EC6AF /* CoreGraphics.framework */,
				28387ED31593FFCB008EC6AF /* SenTestingKit.framework */,
			);
			name = Frameworks;
			sourceTree = "<group>";
		};
		28387EAD1593FFCB008EC6AF /* Mustard Seed */ = {
			isa = PBXGroup;
			children = (
				2870FFEC15983D2E00CEBADB /* API */,
				2810EA0715945BB700066B91 /* Controllers */,
				2810EA0615945BB100066B91 /* Views */,
				2810EA0515945BAB00066B91 /* Models */,
				28387EAE1593FFCB008EC6AF /* Supporting Files */,
			);
			path = "Mustard Seed";
			sourceTree = "<group>";
		};
		28387EAE1593FFCB008EC6AF /* Supporting Files */ = {
			isa = PBXGroup;
			children = (
				28CA90A115A818E600E1694E /* MBProgressHUD.h */,
				28CA90A215A818E600E1694E /* MBProgressHUD.m */,
				28387EB61593FFCB008EC6AF /* AppDelegate.h */,
				28387EB71593FFCB008EC6AF /* AppDelegate.m */,
				28387EAF1593FFCB008EC6AF /* Mustard Seed-Info.plist */,
				28387EB01593FFCB008EC6AF /* InfoPlist.strings */,
				28387EB31593FFCB008EC6AF /* main.m */,
				28387EB51593FFCB008EC6AF /* Mustard Seed-Prefix.pch */,
				28CB081F15B0D7EE00C22350 /* FontBook.h */,
				28CB082015B0D7EE00C22350 /* FontBook.m */,
				284E012015B5E76F00D026AE /* UIImage+Autofit.h */,
				284E012115B5E76F00D026AE /* UIImage+Autofit.m */,
				286C1D5215B61C0D0032E0DA /* ColorBook.h */,
				286C1D5315B61C0D0032E0DA /* ColorBook.m */,
				28D072AC15BE5F41000F231E /* Constants.h */,
			);
			name = "Supporting Files";
			sourceTree = "<group>";
		};
		28387ED91593FFCC008EC6AF /* Mustard SeedTests */ = {
			isa = PBXGroup;
			children = (
				28387EDF1593FFCC008EC6AF /* Mustard_SeedTests.h */,
				28387EE01593FFCC008EC6AF /* Mustard_SeedTests.m */,
				28387EDA1593FFCC008EC6AF /* Supporting Files */,
			);
			path = "Mustard SeedTests";
			sourceTree = "<group>";
		};
		28387EDA1593FFCC008EC6AF /* Supporting Files */ = {
			isa = PBXGroup;
			children = (
				28387EDB1593FFCC008EC6AF /* Mustard SeedTests-Info.plist */,
				28387EDC1593FFCC008EC6AF /* InfoPlist.strings */,
			);
			name = "Supporting Files";
			sourceTree = "<group>";
		};
		2870007C15983DCD00CEBADB /* AFNetworking */ = {
			isa = PBXGroup;
			children = (
				2870007D15983DCD00CEBADB /* AFHTTPClient.h */,
				2870007E15983DCD00CEBADB /* AFHTTPClient.m */,
				2870007F15983DCD00CEBADB /* AFHTTPRequestOperation.h */,
				2870008015983DCD00CEBADB /* AFHTTPRequestOperation.m */,
				2870008115983DCD00CEBADB /* AFImageRequestOperation.h */,
				2870008215983DCD00CEBADB /* AFImageRequestOperation.m */,
				2870008315983DCD00CEBADB /* AFJSONRequestOperation.h */,
				2870008415983DCD00CEBADB /* AFJSONRequestOperation.m */,
				2870008515983DCD00CEBADB /* AFJSONUtilities.h */,
				2870008615983DCD00CEBADB /* AFJSONUtilities.m */,
				2870008715983DCD00CEBADB /* AFNetworkActivityIndicatorManager.h */,
				2870008815983DCD00CEBADB /* AFNetworkActivityIndicatorManager.m */,
				2870008915983DCD00CEBADB /* AFNetworking.h */,
				2870008A15983DCD00CEBADB /* AFPropertyListRequestOperation.h */,
				2870008B15983DCD00CEBADB /* AFPropertyListRequestOperation.m */,
				2870008C15983DCD00CEBADB /* AFURLConnectionOperation.h */,
				2870008D15983DCD00CEBADB /* AFURLConnectionOperation.m */,
				2870008E15983DCD00CEBADB /* AFXMLRequestOperation.h */,
				2870008F15983DCD00CEBADB /* AFXMLRequestOperation.m */,
				2870009015983DCD00CEBADB /* UIImageView+AFNetworking.h */,
				2870009115983DCD00CEBADB /* UIImageView+AFNetworking.m */,
			);
			path = AFNetworking;
			sourceTree = "<group>";
		};
		2870FFEC15983D2E00CEBADB /* API */ = {
			isa = PBXGroup;
			children = (
				2870FFE915983D2800CEBADB /* AFMustardSeedAPIClient.h */,
				2870FFEA15983D2800CEBADB /* AFMustardSeedAPIClient.m */,
			);
			name = API;
			sourceTree = "<group>";
		};
		28C789D215B76170005D7AD1 /* Products */ = {
			isa = PBXGroup;
			children = (
				28C789D915B76171005D7AD1 /* libGMGridView.a */,
			);
			name = Products;
			sourceTree = "<group>";
		};
		28CB081A15B0D3B400C22350 /* Fonts */ = {
			isa = PBXGroup;
			children = (
				28CB081C15B0D78900C22350 /* Roboto-Bold.ttf */,
				28CB081715B0D3AF00C22350 /* Roboto-Regular.ttf */,
			);
			name = Fonts;
			sourceTree = "<group>";
		};
/* End PBXGroup section */

/* Begin PBXNativeTarget section */
		28387EA21593FFCA008EC6AF /* Mustard Seed */ = {
			isa = PBXNativeTarget;
			buildConfigurationList = 28387EE41593FFCC008EC6AF /* Build configuration list for PBXNativeTarget "Mustard Seed" */;
			buildPhases = (
				28387E9F1593FFCA008EC6AF /* Sources */,
				28387EA01593FFCA008EC6AF /* Frameworks */,
				28387EA11593FFCA008EC6AF /* Resources */,
			);
			buildRules = (
			);
			dependencies = (
				28C789DB15B76185005D7AD1 /* PBXTargetDependency */,
			);
			name = "Mustard Seed";
			productName = "Mustard Seed";
			productReference = 28387EA31593FFCB008EC6AF /* Mustard Seed.app */;
			productType = "com.apple.product-type.application";
		};
		28387ED11593FFCB008EC6AF /* Mustard SeedTests */ = {
			isa = PBXNativeTarget;
			buildConfigurationList = 28387EE71593FFCC008EC6AF /* Build configuration list for PBXNativeTarget "Mustard SeedTests" */;
			buildPhases = (
				28387ECD1593FFCB008EC6AF /* Sources */,
				28387ECE1593FFCB008EC6AF /* Frameworks */,
				28387ECF1593FFCB008EC6AF /* Resources */,
				28387ED01593FFCB008EC6AF /* ShellScript */,
			);
			buildRules = (
			);
			dependencies = (
				28387ED81593FFCC008EC6AF /* PBXTargetDependency */,
			);
			name = "Mustard SeedTests";
			productName = "Mustard SeedTests";
			productReference = 28387ED21593FFCB008EC6AF /* Mustard SeedTests.octest */;
			productType = "com.apple.product-type.bundle";
		};
/* End PBXNativeTarget section */

/* Begin PBXProject section */
		28387E9A1593FFCA008EC6AF /* Project object */ = {
			isa = PBXProject;
			attributes = {
				LastUpgradeCheck = 0430;
				ORGANIZATIONNAME = "LMD Corp";
			};
			buildConfigurationList = 28387E9D1593FFCA008EC6AF /* Build configuration list for PBXProject "Mustard Seed" */;
			compatibilityVersion = "Xcode 3.2";
			developmentRegion = English;
			hasScannedForEncodings = 0;
			knownRegions = (
				en,
			);
			mainGroup = 28387E981593FFCA008EC6AF;
			productRefGroup = 28387EA41593FFCB008EC6AF /* Products */;
			projectDirPath = "";
			projectReferences = (
				{
					ProductGroup = 28C789D215B76170005D7AD1 /* Products */;
					ProjectRef = 28C789D115B76170005D7AD1 /* GMGridView.xcodeproj */;
				},
			);
			projectRoot = "";
			targets = (
				28387EA21593FFCA008EC6AF /* Mustard Seed */,
				28387ED11593FFCB008EC6AF /* Mustard SeedTests */,
			);
		};
/* End PBXProject section */

/* Begin PBXReferenceProxy section */
		28C789D915B76171005D7AD1 /* libGMGridView.a */ = {
			isa = PBXReferenceProxy;
			fileType = archive.ar;
			path = libGMGridView.a;
			remoteRef = 28C789D815B76171005D7AD1 /* PBXContainerItemProxy */;
			sourceTree = BUILT_PRODUCTS_DIR;
		};
/* End PBXReferenceProxy section */

/* Begin PBXResourcesBuildPhase section */
		28387EA11593FFCA008EC6AF /* Resources */ = {
			isa = PBXResourcesBuildPhase;
			buildActionMask = 2147483647;
			files = (
				28CB081E15B0D79900C22350 /* Roboto-Bold.ttf in Resources */,
				28CB081B15B0D6DD00C22350 /* Roboto-Regular.ttf in Resources */,
				28387EB21593FFCB008EC6AF /* InfoPlist.strings in Resources */,
				28387EBB1593FFCB008EC6AF /* MainStoryboard_iPhone.storyboard in Resources */,
				28387EBE1593FFCB008EC6AF /* MainStoryboard_iPad.storyboard in Resources */,
				28387EC31593FFCB008EC6AF /* first.png in Resources */,
				28387EC51593FFCB008EC6AF /* first@2x.png in Resources */,
				28387ECA1593FFCB008EC6AF /* second.png in Resources */,
				28387ECC1593FFCB008EC6AF /* second@2x.png in Resources */,
				281147A2159BB9B7003F3195 /* placeholder-image.png in Resources */,
				28BCC4E215AF8EFD00074612 /* video.mp4 in Resources */,
				289D869C15B55053002650D8 /* nav-bar.png in Resources */,
				289D869D15B55053002650D8 /* nav-bar@2x.png in Resources */,
				284E012615B5F7D500D026AE /* background.png in Resources */,
				284E012715B5F7D500D026AE /* background@2x.png in Resources */,
				286C1D3E15B602A40032E0DA /* heart-icon@2x.png in Resources */,
				286C1D4115B604280032E0DA /* commerce-icon@2x.png in Resources */,
				286C1D4315B6055C0032E0DA /* share-icon@2x.png in Resources */,
				286C1D4515B606D80032E0DA /* play-button@2x.png in Resources */,
				286C1D4815B60D580032E0DA /* tab-bar.png in Resources */,
				286C1D4915B60D580032E0DA /* tab-bar@2x.png in Resources */,
				286C1D4E15B613DC0032E0DA /* heart-gray.png in Resources */,
				286C1D4F15B613DC0032E0DA /* heart-gray@2x.png in Resources */,
				286C1D5015B613DC0032E0DA /* heart-red.png in Resources */,
				286C1D5115B613DC0032E0DA /* heart-red@2x.png in Resources */,
				286C1D5715B63DBA0032E0DA /* person-icon.png in Resources */,
				286C1D5815B63DBA0032E0DA /* person-icon@2x.png in Resources */,
				28C789E215B783D3005D7AD1 /* twitter-bg.jpeg in Resources */,
				28C789E415B78445005D7AD1 /* green-bg.png in Resources */,
				28097E0015BA810C0027B655 /* tv-icon.png in Resources */,
				28097E0115BA810C0027B655 /* tv-icon@2x.png in Resources */,
			);
			runOnlyForDeploymentPostprocessing = 0;
		};
		28387ECF1593FFCB008EC6AF /* Resources */ = {
			isa = PBXResourcesBuildPhase;
			buildActionMask = 2147483647;
			files = (
				28387EDE1593FFCC008EC6AF /* InfoPlist.strings in Resources */,
				28CB081815B0D3AF00C22350 /* Roboto-Regular.ttf in Resources */,
				28CB081D15B0D78900C22350 /* Roboto-Bold.ttf in Resources */,
			);
			runOnlyForDeploymentPostprocessing = 0;
		};
/* End PBXResourcesBuildPhase section */

/* Begin PBXShellScriptBuildPhase section */
		28387ED01593FFCB008EC6AF /* ShellScript */ = {
			isa = PBXShellScriptBuildPhase;
			buildActionMask = 2147483647;
			files = (
			);
			inputPaths = (
			);
			outputPaths = (
			);
			runOnlyForDeploymentPostprocessing = 0;
			shellPath = /bin/sh;
			shellScript = "# Run the unit tests in this test bundle.\n\"${SYSTEM_DEVELOPER_DIR}/Tools/RunUnitTests\"\n";
		};
/* End PBXShellScriptBuildPhase section */

/* Begin PBXSourcesBuildPhase section */
		28387E9F1593FFCA008EC6AF /* Sources */ = {
			isa = PBXSourcesBuildPhase;
			buildActionMask = 2147483647;
			files = (
				28387EB41593FFCB008EC6AF /* main.m in Sources */,
				28387EB81593FFCB008EC6AF /* AppDelegate.m in Sources */,
				2870FFE81597EBD000CEBADB /* Item.m in Sources */,
				2870FFEB15983D2800CEBADB /* AFMustardSeedAPIClient.m in Sources */,
				2870009215983DCE00CEBADB /* AFHTTPClient.m in Sources */,
				2870009315983DCE00CEBADB /* AFHTTPRequestOperation.m in Sources */,
				2870009415983DCE00CEBADB /* AFImageRequestOperation.m in Sources */,
				2870009515983DCE00CEBADB /* AFJSONRequestOperation.m in Sources */,
				2870009615983DCE00CEBADB /* AFJSONUtilities.m in Sources */,
				2870009715983DCE00CEBADB /* AFNetworkActivityIndicatorManager.m in Sources */,
				2870009815983DCE00CEBADB /* AFPropertyListRequestOperation.m in Sources */,
				2870009915983DCE00CEBADB /* AFURLConnectionOperation.m in Sources */,
				2870009A15983DCE00CEBADB /* AFXMLRequestOperation.m in Sources */,
				2870009B15983DCE00CEBADB /* UIImageView+AFNetworking.m in Sources */,
				2818FA5F159BA1B900CF3E29 /* ItemsTableViewController.m in Sources */,
				2811479E159BAE5E003F3195 /* ItemTableViewCell.m in Sources */,
				281147B2159C1C61003F3195 /* ItemDetailViewController.m in Sources */,
				28557FF115A76D9F00F6089F /* SearchViewController.m in Sources */,
				28CA90A315A818E600E1694E /* MBProgressHUD.m in Sources */,
				283E6DD215AAB85C008ED025 /* CommerceViewController.m in Sources */,
				28BCC4E515AF924100074612 /* FavoriteItemsTableViewController.m in Sources */,
				28BCC4E815AFAAFF00074612 /* AboutViewController.m in Sources */,
				28CB082115B0D7EE00C22350 /* FontBook.m in Sources */,
				284E012215B5E76F00D026AE /* UIImage+Autofit.m in Sources */,
				286C1D5415B61C0D0032E0DA /* ColorBook.m in Sources */,
				28C789B115B759D8005D7AD1 /* ItemGridViewController.m in Sources */,
				28C789DE15B764EC005D7AD1 /* ItemGridView.m in Sources */,
				284BB34215B7EC7D004AFC47 /* FavoriteItemsGridViewController.m in Sources */,
				28D072AF15BE71B2000F231E /* RequestItemView.m in Sources */,
			);
			runOnlyForDeploymentPostprocessing = 0;
		};
		28387ECD1593FFCB008EC6AF /* Sources */ = {
			isa = PBXSourcesBuildPhase;
			buildActionMask = 2147483647;
			files = (
				28387EE11593FFCC008EC6AF /* Mustard_SeedTests.m in Sources */,
				28C789AE15B759AB005D7AD1 /* Demo1ViewController.m in Sources */,
			);
			runOnlyForDeploymentPostprocessing = 0;
		};
/* End PBXSourcesBuildPhase section */

/* Begin PBXTargetDependency section */
		28387ED81593FFCC008EC6AF /* PBXTargetDependency */ = {
			isa = PBXTargetDependency;
			target = 28387EA21593FFCA008EC6AF /* Mustard Seed */;
			targetProxy = 28387ED71593FFCC008EC6AF /* PBXContainerItemProxy */;
		};
		28C789DB15B76185005D7AD1 /* PBXTargetDependency */ = {
			isa = PBXTargetDependency;
			name = GMGridView;
			targetProxy = 28C789DA15B76185005D7AD1 /* PBXContainerItemProxy */;
		};
/* End PBXTargetDependency section */

/* Begin PBXVariantGroup section */
		28387EB01593FFCB008EC6AF /* InfoPlist.strings */ = {
			isa = PBXVariantGroup;
			children = (
				28387EB11593FFCB008EC6AF /* en */,
			);
			name = InfoPlist.strings;
			sourceTree = "<group>";
		};
		28387EB91593FFCB008EC6AF /* MainStoryboard_iPhone.storyboard */ = {
			isa = PBXVariantGroup;
			children = (
				28387EBA1593FFCB008EC6AF /* en */,
			);
			name = MainStoryboard_iPhone.storyboard;
			path = "Mustard Seed";
			sourceTree = "<group>";
		};
		28387EBC1593FFCB008EC6AF /* MainStoryboard_iPad.storyboard */ = {
			isa = PBXVariantGroup;
			children = (
				28387EBD1593FFCB008EC6AF /* en */,
			);
			name = MainStoryboard_iPad.storyboard;
			path = "Mustard Seed";
			sourceTree = "<group>";
		};
		28387EDC1593FFCC008EC6AF /* InfoPlist.strings */ = {
			isa = PBXVariantGroup;
			children = (
				28387EDD1593FFCC008EC6AF /* en */,
			);
			name = InfoPlist.strings;
			sourceTree = "<group>";
		};
/* End PBXVariantGroup section */

/* Begin XCBuildConfiguration section */
		28387EE21593FFCC008EC6AF /* Debug */ = {
			isa = XCBuildConfiguration;
			buildSettings = {
				ALWAYS_SEARCH_USER_PATHS = NO;
				ARCHS = "$(ARCHS_STANDARD_32_BIT)";
				CLANG_ENABLE_OBJC_ARC = YES;
				"CODE_SIGN_IDENTITY[sdk=iphoneos*]" = "iPhone Developer";
				COPY_PHASE_STRIP = NO;
				GCC_C_LANGUAGE_STANDARD = gnu99;
				GCC_DYNAMIC_NO_PIC = NO;
				GCC_OPTIMIZATION_LEVEL = 0;
				GCC_PREPROCESSOR_DEFINITIONS = (
					"DEBUG=1",
					"$(inherited)",
				);
				GCC_SYMBOLS_PRIVATE_EXTERN = NO;
				GCC_VERSION = com.apple.compilers.llvm.clang.1_0;
				GCC_WARN_ABOUT_RETURN_TYPE = YES;
				GCC_WARN_UNINITIALIZED_AUTOS = YES;
				GCC_WARN_UNUSED_VARIABLE = YES;
				IPHONEOS_DEPLOYMENT_TARGET = 5.1;
				SDKROOT = iphoneos;
				TARGETED_DEVICE_FAMILY = "1,2";
			};
			name = Debug;
		};
		28387EE31593FFCC008EC6AF /* Release */ = {
			isa = XCBuildConfiguration;
			buildSettings = {
				ALWAYS_SEARCH_USER_PATHS = NO;
				ARCHS = "$(ARCHS_STANDARD_32_BIT)";
				CLANG_ENABLE_OBJC_ARC = YES;
				"CODE_SIGN_IDENTITY[sdk=iphoneos*]" = "iPhone Developer";
				COPY_PHASE_STRIP = YES;
				GCC_C_LANGUAGE_STANDARD = gnu99;
				GCC_VERSION = com.apple.compilers.llvm.clang.1_0;
				GCC_WARN_ABOUT_RETURN_TYPE = YES;
				GCC_WARN_UNINITIALIZED_AUTOS = YES;
				GCC_WARN_UNUSED_VARIABLE = YES;
				IPHONEOS_DEPLOYMENT_TARGET = 5.1;
				OTHER_CFLAGS = "-DNS_BLOCK_ASSERTIONS=1";
				SDKROOT = iphoneos;
				TARGETED_DEVICE_FAMILY = "1,2";
				VALIDATE_PRODUCT = YES;
			};
			name = Release;
		};
		28387EE51593FFCC008EC6AF /* Debug */ = {
			isa = XCBuildConfiguration;
			buildSettings = {
				GCC_PRECOMPILE_PREFIX_HEADER = YES;
				GCC_PREFIX_HEADER = "Mustard Seed/Mustard Seed-Prefix.pch";
				HEADER_SEARCH_PATHS = "GMGridView/**";
				INFOPLIST_FILE = "Mustard Seed/Mustard Seed-Info.plist";
				LIBRARY_SEARCH_PATHS = (
					"$(inherited)",
					"\"$(SRCROOT)/../../../Library/Developer/Xcode/DerivedData/Mustard_Seed-cagxtuxzhvpizpculqodzljcluob/Build/Products/Debug-iphoneos\"",
				);
				OTHER_LDFLAGS = (
					"-ObjC",
					"-all_load",
				);
				PRODUCT_NAME = "$(TARGET_NAME)";
				WRAPPER_EXTENSION = app;
			};
			name = Debug;
		};
		28387EE61593FFCC008EC6AF /* Release */ = {
			isa = XCBuildConfiguration;
			buildSettings = {
				GCC_PRECOMPILE_PREFIX_HEADER = YES;
				GCC_PREFIX_HEADER = "Mustard Seed/Mustard Seed-Prefix.pch";
				HEADER_SEARCH_PATHS = "GMGridView/**";
				INFOPLIST_FILE = "Mustard Seed/Mustard Seed-Info.plist";
				LIBRARY_SEARCH_PATHS = (
					"$(inherited)",
					"\"$(SRCROOT)/../../../Library/Developer/Xcode/DerivedData/Mustard_Seed-cagxtuxzhvpizpculqodzljcluob/Build/Products/Debug-iphoneos\"",
				);
				OTHER_LDFLAGS = (
					"-ObjC",
					"-all_load",
				);
				PRODUCT_NAME = "$(TARGET_NAME)";
				WRAPPER_EXTENSION = app;
			};
			name = Release;
		};
		28387EE81593FFCC008EC6AF /* Debug */ = {
			isa = XCBuildConfiguration;
			buildSettings = {
				BUNDLE_LOADER = "$(BUILT_PRODUCTS_DIR)/Mustard Seed.app/Mustard Seed";
				FRAMEWORK_SEARCH_PATHS = (
					"$(SDKROOT)/Developer/Library/Frameworks",
					"$(DEVELOPER_LIBRARY_DIR)/Frameworks",
				);
				GCC_PRECOMPILE_PREFIX_HEADER = YES;
				GCC_PREFIX_HEADER = "Mustard Seed/Mustard Seed-Prefix.pch";
				INFOPLIST_FILE = "Mustard SeedTests/Mustard SeedTests-Info.plist";
				PRODUCT_NAME = "$(TARGET_NAME)";
				TEST_HOST = "$(BUNDLE_LOADER)";
				WRAPPER_EXTENSION = octest;
			};
			name = Debug;
		};
		28387EE91593FFCC008EC6AF /* Release */ = {
			isa = XCBuildConfiguration;
			buildSettings = {
				BUNDLE_LOADER = "$(BUILT_PRODUCTS_DIR)/Mustard Seed.app/Mustard Seed";
				FRAMEWORK_SEARCH_PATHS = (
					"$(SDKROOT)/Developer/Library/Frameworks",
					"$(DEVELOPER_LIBRARY_DIR)/Frameworks",
				);
				GCC_PRECOMPILE_PREFIX_HEADER = YES;
				GCC_PREFIX_HEADER = "Mustard Seed/Mustard Seed-Prefix.pch";
				INFOPLIST_FILE = "Mustard SeedTests/Mustard SeedTests-Info.plist";
				PRODUCT_NAME = "$(TARGET_NAME)";
				TEST_HOST = "$(BUNDLE_LOADER)";
				WRAPPER_EXTENSION = octest;
			};
			name = Release;
		};
/* End XCBuildConfiguration section */

/* Begin XCConfigurationList section */
		28387E9D1593FFCA008EC6AF /* Build configuration list for PBXProject "Mustard Seed" */ = {
			isa = XCConfigurationList;
			buildConfigurations = (
				28387EE21593FFCC008EC6AF /* Debug */,
				28387EE31593FFCC008EC6AF /* Release */,
			);
			defaultConfigurationIsVisible = 0;
			defaultConfigurationName = Release;
		};
		28387EE41593FFCC008EC6AF /* Build configuration list for PBXNativeTarget "Mustard Seed" */ = {
			isa = XCConfigurationList;
			buildConfigurations = (
				28387EE51593FFCC008EC6AF /* Debug */,
				28387EE61593FFCC008EC6AF /* Release */,
			);
			defaultConfigurationIsVisible = 0;
			defaultConfigurationName = Release;
		};
		28387EE71593FFCC008EC6AF /* Build configuration list for PBXNativeTarget "Mustard SeedTests" */ = {
			isa = XCConfigurationList;
			buildConfigurations = (
				28387EE81593FFCC008EC6AF /* Debug */,
				28387EE91593FFCC008EC6AF /* Release */,
			);
			defaultConfigurationIsVisible = 0;
			defaultConfigurationName = Release;
		};
/* End XCConfigurationList section */
	};
	rootObject = 28387E9A1593FFCA008EC6AF /* Project object */;
}
